
Microsoft Visual Studio Solution File, Format Version 12.00
# Visual Studio Version 16
VisualStudioVersion = 16.0.31402.337
MinimumVisualStudioVersion = 10.0.40219.1
Project("{8BC9CEB8-8B4A-11D0-8D11-00A0C91BC942}") = "bhop interal", "bhop interal\bhop interal.vcxproj", "{BC88C5D5-ABEF-4FAC-BC82-0F9AFADF86D6}"
EndProject
Global
	GlobalSection(SolutionConfigurationPlatforms) = preSolution
		Debug|x64 = Debug|x64
		Debug|x86 = Debug|x86
		Release|x64 = Release|x64
		Release|x86 = Release|x86
	EndGlobalSection
	GlobalSection(ProjectConfigurationPlatforms) = postSolution
		{BC88C5D5-ABEF-4FAC-BC82-0F9AFADF86D6}.Debug|x64.ActiveCfg = Debug|x64
		{BC88C5D5-ABEF-4FAC-BC82-0F9AFADF86D6}.Debug|x64.Build.0 = Debug|x64
		{BC88C5D5-ABEF-4FAC-BC82-0F9AFADF86D6}.Debug|x86.ActiveCfg = Debug|Win32
		{BC88C5D5-ABEF-4FAC-BC82-0F9AFADF86D6}.Debug|x86.Build.0 = Debug|Win32
		{BC88C5D5-ABEF-4FAC-BC82-0F9AFADF86D6}.Release|x64.ActiveCfg = Release|x64
		{BC88C5D5-ABEF-4FAC-BC82-0F9AFADF86D6}.Release|x64.Build.0 = Release|x64
		{BC88C5D5-ABEF-4FAC-BC82-0F9AFADF86D6}.Release|x86.ActiveCfg = Release|Win32
		{BC88C5D5-ABEF-4FAC-BC82-0F9AFADF86D6}.Release|x86.Build.0 = Release|Win32
	EndGlobalSection
	GlobalSection(SolutionProperties) = preSolution
		HideSolutionNode = FALSE
	EndGlobalSection
	GlobalSection(ExtensibilityGlobals) = postSolution
		SolutionGuid = {88A8E398-375E-490C-92E8-F97CCFEDA432}
	EndGlobalSection
EndGlobal
